
Microsoft Visual Studio Solution File, Format Version 12.00
# Visual Studio 15
VisualStudioVersion = 15.0.28307.168
MinimumVisualStudioVersion = 10.0.40219.1
Project("{FAE04EC0-301F-11D3-BF4B-00C04F79EFBC}") = "Our.Umbraco.GoldenGate", "Our.Umbraco.GoldenGate\Our.Umbraco.GoldenGate.csproj", "{C228CEB6-5615-42CD-A19E-EE6F8862B26D}"
EndProject
Global
	GlobalSection(SolutionConfigurationPlatforms) = preSolution
		Debug|Any CPU = Debug|Any CPU
		Release|Any CPU = Release|Any CPU
	EndGlobalSection
	GlobalSection(ProjectConfigurationPlatforms) = postSolution
		{C228CEB6-5615-42CD-A19E-EE6F8862B26D}.Debug|Any CPU.ActiveCfg = Debug|Any CPU
		{C228CEB6-5615-42CD-A19E-EE6F8862B26D}.Debug|Any CPU.Build.0 = Debug|Any CPU
		{C228CEB6-5615-42CD-A19E-EE6F8862B26D}.Release|Any CPU.ActiveCfg = Release|Any CPU
		{C228CEB6-5615-42CD-A19E-EE6F8862B26D}.Release|Any CPU.Build.0 = Release|Any CPU
	EndGlobalSection
	GlobalSection(SolutionProperties) = preSolution
		HideSolutionNode = FALSE
	EndGlobalSection
	GlobalSection(ExtensibilityGlobals) = postSolution
		SolutionGuid = {88EE0337-2F61-4533-9705-C3C1C8CACEB8}
	EndGlobalSection
EndGlobal
